// !$*UTF8*$!
{
	archiveVersion = 1;
	classes = {
	};
	objectVersion = 46;
	objects = {

/* Begin PBXBuildFile section */
		23E5B7331CE07AA900907291 /* AppDelegate.swift in Sources */ = {isa = PBXBuildFile; fileRef = 23E5B7321CE07AA900907291 /* AppDelegate.swift */; };
		23E5B7351CE07AA900907291 /* ViewController.swift in Sources */ = {isa = PBXBuildFile; fileRef = 23E5B7341CE07AA900907291 /* ViewController.swift */; };
		23E5B7381CE07AA900907291 /* Main.storyboard in Resources */ = {isa = PBXBuildFile; fileRef = 23E5B7361CE07AA900907291 /* Main.storyboard */; };
		23E5B73A1CE07AA900907291 /* Assets.xcassets in Resources */ = {isa = PBXBuildFile; fileRef = 23E5B7391CE07AA900907291 /* Assets.xcassets */; };
		23E5B73D1CE07AA900907291 /* LaunchScreen.storyboard in Resources */ = {isa = PBXBuildFile; fileRef = 23E5B73B1CE07AA900907291 /* LaunchScreen.storyboard */; };
		23E5B7481CE07AAA00907291 /* PrincipalStressTests.swift in Sources */ = {isa = PBXBuildFile; fileRef = 23E5B7471CE07AAA00907291 /* PrincipalStressTests.swift */; };
/* End PBXBuildFile section */

/* Begin PBXContainerItemProxy section */
		23E5B7441CE07AAA00907291 /* PBXContainerItemProxy */ = {
			isa = PBXContainerItemProxy;
			containerPortal = 23E5B7271CE07AA900907291 /* Project object */;
			proxyType = 1;
			remoteGlobalIDString = 23E5B72E1CE07AA900907291;
			remoteInfo = PrincipalStress;
		};
/* End PBXContainerItemProxy section */

/* Begin PBXFileReference section */
		23E5B72F1CE07AA900907291 /* PrincipalStress.app */ = {isa = PBXFileReference; explicitFileType = wrapper.application; includeInIndex = 0; path = PrincipalStress.app; sourceTree = BUILT_PRODUCTS_DIR; };
		23E5B7321CE07AA900907291 /* AppDelegate.swift */ = {isa = PBXFileReference; lastKnownFileType = sourcecode.swift; path = AppDelegate.swift; sourceTree = "<group>"; };
		23E5B7341CE07AA900907291 /* ViewController.swift */ = {isa = PBXFileReference; lastKnownFileType = sourcecode.swift; path = ViewController.swift; sourceTree = "<group>"; };
		23E5B7371CE07AA900907291 /* Base */ = {isa = PBXFileReference; lastKnownFileType = file.storyboard; name = Base; path = Base.lproj/Main.storyboard; sourceTree = "<group>"; };
		23E5B7391CE07AA900907291 /* Assets.xcassets */ = {isa = PBXFileReference; lastKnownFileType = folder.assetcatalog; path = Assets.xcassets; sourceTree = "<group>"; };
		23E5B73C1CE07AA900907291 /* Base */ = {isa = PBXFileReference; lastKnownFileType = file.storyboard; name = Base; path = Base.lproj/LaunchScreen.storyboard; sourceTree = "<group>"; };
		23E5B73E1CE07AA900907291 /* Info.plist */ = {isa = PBXFileReference; lastKnownFileType = text.plist.xml; path = Info.plist; sourceTree = "<group>"; };
		23E5B7431CE07AAA00907291 /* PrincipalStressTests.xctest */ = {isa = PBXFileReference; explicitFileType = wrapper.cfbundle; includeInIndex = 0; path = PrincipalStressTests.xctest; sourceTree = BUILT_PRODUCTS_DIR; };
		23E5B7471CE07AAA00907291 /* PrincipalStressTests.swift */ = {isa = PBXFileReference; lastKnownFileType = sourcecode.swift; path = PrincipalStressTests.swift; sourceTree = "<group>"; };
		23E5B7491CE07AAA00907291 /* Info.plist */ = {isa = PBXFileReference; lastKnownFileType = text.plist.xml; path = Info.plist; sourceTree = "<group>"; };
/* End PBXFileReference section */

/* Begin PBXFrameworksBuildPhase section */
		23E5B72C1CE07AA900907291 /* Frameworks */ = {
			isa = PBXFrameworksBuildPhase;
			buildActionMask = 2147483647;
			files = (
			);
			runOnlyForDeploymentPostprocessing = 0;
		};
		23E5B7401CE07AAA00907291 /* Frameworks */ = {
			isa = PBXFrameworksBuildPhase;
			buildActionMask = 2147483647;
			files = (
			);
			runOnlyForDeploymentPostprocessing = 0;
		};
/* End PBXFrameworksBuildPhase section */

/* Begin PBXGroup section */
		23E5B7261CE07AA900907291 = {
			isa = PBXGroup;
			children = (
				23E5B7311CE07AA900907291 /* PrincipalStress */,
				23E5B7461CE07AAA00907291 /* PrincipalStressTests */,
				23E5B7301CE07AA900907291 /* Products */,
			);
			sourceTree = "<group>";
		};
		23E5B7301CE07AA900907291 /* Products */ = {
			isa = PBXGroup;
			children = (
				23E5B72F1CE07AA900907291 /* PrincipalStress.app */,
				23E5B7431CE07AAA00907291 /* PrincipalStressTests.xctest */,
			);
			name = Products;
			sourceTree = "<group>";
		};
		23E5B7311CE07AA900907291 /* PrincipalStress */ = {
			isa = PBXGroup;
			children = (
				23E5B7321CE07AA900907291 /* AppDelegate.swift */,
				23E5B7341CE07AA900907291 /* ViewController.swift */,
				23E5B7361CE07AA900907291 /* Main.storyboard */,
				23E5B7391CE07AA900907291 /* Assets.xcassets */,
				23E5B73B1CE07AA900907291 /* LaunchScreen.storyboard */,
				23E5B73E1CE07AA900907291 /* Info.plist */,
			);
			path = PrincipalStress;
			sourceTree = "<group>";
		};
		23E5B7461CE07AAA00907291 /* PrincipalStressTests */ = {
			isa = PBXGroup;
			children = (
				23E5B7471CE07AAA00907291 /* PrincipalStressTests.swift */,
				23E5B7491CE07AAA00907291 /* Info.plist */,
			);
			path = PrincipalStressTests;
			sourceTree = "<group>";
		};
/* End PBXGroup section */

/* Begin PBXNativeTarget section */
		23E5B72E1CE07AA900907291 /* PrincipalStress */ = {
			isa = PBXNativeTarget;
			buildConfigurationList = 23E5B74C1CE07AAA00907291 /* Build configuration list for PBXNativeTarget "PrincipalStress" */;
			buildPhases = (
				23E5B72B1CE07AA900907291 /* Sources */,
				23E5B72C1CE07AA900907291 /* Frameworks */,
				23E5B72D1CE07AA900907291 /* Resources */,
			);
			buildRules = (
			);
			dependencies = (
			);
			name = PrincipalStress;
			productName = PrincipalStress;
			productReference = 23E5B72F1CE07AA900907291 /* PrincipalStress.app */;
			productType = "com.apple.product-type.application";
		};
		23E5B7421CE07AAA00907291 /* PrincipalStressTests */ = {
			isa = PBXNativeTarget;
			buildConfigurationList = 23E5B74F1CE07AAA00907291 /* Build configuration list for PBXNativeTarget "PrincipalStressTests" */;
			buildPhases = (
				23E5B73F1CE07AAA00907291 /* Sources */,
				23E5B7401CE07AAA00907291 /* Frameworks */,
				23E5B7411CE07AAA00907291 /* Resources */,
			);
			buildRules = (
			);
			dependencies = (
				23E5B7451CE07AAA00907291 /* PBXTargetDependency */,
			);
			name = PrincipalStressTests;
			productName = PrincipalStressTests;
			productReference = 23E5B7431CE07AAA00907291 /* PrincipalStressTests.xctest */;
			productType = "com.apple.product-type.bundle.unit-test";
		};
/* End PBXNativeTarget section */

/* Begin PBXProject section */
		23E5B7271CE07AA900907291 /* Project object */ = {
			isa = PBXProject;
			attributes = {
				LastSwiftUpdateCheck = 0730;
				LastUpgradeCheck = 0730;
				ORGANIZATIONNAME = "Luiz Herkenhoff Coelho";
				TargetAttributes = {
					23E5B72E1CE07AA900907291 = {
						CreatedOnToolsVersion = 7.3.1;
					};
					23E5B7421CE07AAA00907291 = {
						CreatedOnToolsVersion = 7.3.1;
						TestTargetID = 23E5B72E1CE07AA900907291;
					};
				};
			};
			buildConfigurationList = 23E5B72A1CE07AA900907291 /* Build configuration list for PBXProject "PrincipalStress" */;
			compatibilityVersion = "Xcode 3.2";
			developmentRegion = English;
			hasScannedForEncodings = 0;
			knownRegions = (
				en,
				Base,
			);
			mainGroup = 23E5B7261CE07AA900907291;
			productRefGroup = 23E5B7301CE07AA900907291 /* Products */;
			projectDirPath = "";
			projectRoot = "";
			targets = (
				23E5B72E1CE07AA900907291 /* PrincipalStress */,
				23E5B7421CE07AAA00907291 /* PrincipalStressTests */,
			);
		};
/* End PBXProject section */

/* Begin PBXResourcesBuildPhase section */
		23E5B72D1CE07AA900907291 /* Resources */ = {
			isa = PBXResourcesBuildPhase;
			buildActionMask = 2147483647;
			files = (
				23E5B73D1CE07AA900907291 /* LaunchScreen.storyboard in Resources */,
				23E5B73A1CE07AA900907291 /* Assets.xcassets in Resources */,
				23E5B7381CE07AA900907291 /* Main.storyboard in Resources */,
			);
			runOnlyForDeploymentPostprocessing = 0;
		};
		23E5B7411CE07AAA00907291 /* Resources */ = {
			isa = PBXResourcesBuildPhase;
			buildActionMask = 2147483647;
			files = (
			);
			runOnlyForDeploymentPostprocessing = 0;
		};
/* End PBXResourcesBuildPhase section */

/* Begin PBXSourcesBuildPhase section */
		23E5B72B1CE07AA900907291 /* Sources */ = {
			isa = PBXSourcesBuildPhase;
			buildActionMask = 2147483647;
			files = (
				23E5B7351CE07AA900907291 /* ViewController.swift in Sources */,
				23E5B7331CE07AA900907291 /* AppDelegate.swift in Sources */,
			);
			runOnlyForDeploymentPostprocessing = 0;
		};
		23E5B73F1CE07AAA00907291 /* Sources */ = {
			isa = PBXSourcesBuildPhase;
			buildActionMask = 2147483647;
			files = (
				23E5B7481CE07AAA00907291 /* PrincipalStressTests.swift in Sources */,
			);
			runOnlyForDeploymentPostprocessing = 0;
		};
/* End PBXSourcesBuildPhase section */

/* Begin PBXTargetDependency section */
		23E5B7451CE07AAA00907291 /* PBXTargetDependency */ = {
			isa = PBXTargetDependency;
			target = 23E5B72E1CE07AA900907291 /* PrincipalStress */;
			targetProxy = 23E5B7441CE07AAA00907291 /* PBXContainerItemProxy */;
		};
/* End PBXTargetDependency section */

/* Begin PBXVariantGroup section */
		23E5B7361CE07AA900907291 /* Main.storyboard */ = {
			isa = PBXVariantGroup;
			children = (
				23E5B7371CE07AA900907291 /* Base */,
			);
			name = Main.storyboard;
			sourceTree = "<group>";
		};
		23E5B73B1CE07AA900907291 /* LaunchScreen.storyboard */ = {
			isa = PBXVariantGroup;
			children = (
				23E5B73C1CE07AA900907291 /* Base */,
			);
			name = LaunchScreen.storyboard;
			sourceTree = "<group>";
		};
/* End PBXVariantGroup section */

/* Begin XCBuildConfiguration section */
		23E5B74A1CE07AAA00907291 /* Debug */ = {
			isa = XCBuildConfiguration;
			buildSettings = {
				ALWAYS_SEARCH_USER_PATHS = NO;
				CLANG_ANALYZER_NONNULL = YES;
				CLANG_CXX_LANGUAGE_STANDARD = "gnu++0x";
				CLANG_CXX_LIBRARY = "libc++";
				CLANG_ENABLE_MODULES = YES;
				CLANG_ENABLE_OBJC_ARC = YES;
				CLANG_WARN_BOOL_CONVERSION = YES;
				CLANG_WARN_CONSTANT_CONVERSION = YES;
				CLANG_WARN_DIRECT_OBJC_ISA_USAGE = YES_ERROR;
				CLANG_WARN_EMPTY_BODY = YES;
				CLANG_WARN_ENUM_CONVERSION = YES;
				CLANG_WARN_INT_CONVERSION = YES;
				CLANG_WARN_OBJC_ROOT_CLASS = YES_ERROR;
				CLANG_WARN_UNREACHABLE_CODE = YES;
				CLANG_WARN__DUPLICATE_METHOD_MATCH = YES;
				"CODE_SIGN_IDENTITY[sdk=iphoneos*]" = "iPhone Developer";
				COPY_PHASE_STRIP = NO;
				DEBUG_INFORMATION_FORMAT = dwarf;
				ENABLE_STRICT_OBJC_MSGSEND = YES;
				ENABLE_TESTABILITY = YES;
				GCC_C_LANGUAGE_STANDARD = gnu99;
				GCC_DYNAMIC_NO_PIC = NO;
				GCC_NO_COMMON_BLOCKS = YES;
				GCC_OPTIMIZATION_LEVEL = 0;
				GCC_PREPROCESSOR_DEFINITIONS = (
					"DEBUG=1",
					"$(inherited)",
				);
				GCC_WARN_64_TO_32_BIT_CONVERSION = YES;
				GCC_WARN_ABOUT_RETURN_TYPE = YES_ERROR;
				GCC_WARN_UNDECLARED_SELECTOR = YES;
				GCC_WARN_UNINITIALIZED_AUTOS = YES_AGGRESSIVE;
				GCC_WARN_UNUSED_FUNCTION = YES;
				GCC_WARN_UNUSED_VARIABLE = YES;
				IPHONEOS_DEPLOYMENT_TARGET = 9.3;
				MTL_ENABLE_DEBUG_INFO = YES;
				ONLY_ACTIVE_ARCH = YES;
				SDKROOT = iphoneos;
				SWIFT_OPTIMIZATION_LEVEL = "-Onone";
			};
			name = Debug;
		};
		23E5B74B1CE07AAA00907291 /* Release */ = {
			isa = XCBuildConfiguration;
			buildSettings = {
				ALWAYS_SEARCH_USER_PATHS = NO;
				CLANG_ANALYZER_NONNULL = YES;
				CLANG_CXX_LANGUAGE_STANDARD = "gnu++0x";
				CLANG_CXX_LIBRARY = "libc++";
				CLANG_ENABLE_MODULES = YES;
				CLANG_ENABLE_OBJC_ARC = YES;
				CLANG_WARN_BOOL_CONVERSION = YES;
				CLANG_WARN_CONSTANT_CONVERSION = YES;
				CLANG_WARN_DIRECT_OBJC_ISA_USAGE = YES_ERROR;
				CLANG_WARN_EMPTY_BODY = YES;
				CLANG_WARN_ENUM_CONVERSION = YES;
				CLANG_WARN_INT_CONVERSION = YES;
				CLANG_WARN_OBJC_ROOT_CLASS = YES_ERROR;
				CLANG_WARN_UNREACHABLE_CODE = YES;
				CLANG_WARN__DUPLICATE_METHOD_MATCH = YES;
				"CODE_SIGN_IDENTITY[sdk=iphoneos*]" = "iPhone Developer";
				COPY_PHASE_STRIP = NO;
				DEBUG_INFORMATION_FORMAT = "dwarf-with-dsym";
				ENABLE_NS_ASSERTIONS = NO;
				ENABLE_STRICT_OBJC_MSGSEND = YES;
				GCC_C_LANGUAGE_STANDARD = gnu99;
				GCC_NO_COMMON_BLOCKS = YES;
				GCC_WARN_64_TO_32_BIT_CONVERSION = YES;
				GCC_WARN_ABOUT_RETURN_TYPE = YES_ERROR;
				GCC_WARN_UNDECLARED_SELECTOR = YES;
				GCC_WARN_UNINITIALIZED_AUTOS = YES_AGGRESSIVE;
				GCC_WARN_UNUSED_FUNCTION = YES;
				GCC_WARN_UNUSED_VARIABLE = YES;
				IPHONEOS_DEPLOYMENT_TARGET = 9.3;
				MTL_ENABLE_DEBUG_INFO = NO;
				SDKROOT = iphoneos;
				VALIDATE_PRODUCT = YES;
			};
			name = Release;
		};
		23E5B74D1CE07AAA00907291 /* Debug */ = {
			isa = XCBuildConfiguration;
			buildSettings = {
				ASSETCATALOG_COMPILER_APPICON_NAME = AppIcon;
				INFOPLIST_FILE = PrincipalStress/Info.plist;
				LD_RUNPATH_SEARCH_PATHS = "$(inherited) @executable_path/Frameworks";
				PRODUCT_BUNDLE_IDENTIFIER = com.luizhcoelho.PrincipalStress;
				PRODUCT_NAME = "$(TARGET_NAME)";
			};
			name = Debug;
		};
		23E5B74E1CE07AAA00907291 /* Release */ = {
			isa = XCBuildConfiguration;
			buildSettings = {
				ASSETCATALOG_COMPILER_APPICON_NAME = AppIcon;
				INFOPLIST_FILE = PrincipalStress/Info.plist;
				LD_RUNPATH_SEARCH_PATHS = "$(inherited) @executable_path/Frameworks";
				PRODUCT_BUNDLE_IDENTIFIER = com.luizhcoelho.PrincipalStress;
				PRODUCT_NAME = "$(TARGET_NAME)";
			};
			name = Release;
		};
		23E5B7501CE07AAA00907291 /* Debug */ = {
			isa = XCBuildConfiguration;
			buildSettings = {
				BUNDLE_LOADER = "$(TEST_HOST)";
				INFOPLIST_FILE = PrincipalStressTests/Info.plist;
				LD_RUNPATH_SEARCH_PATHS = "$(inherited) @executable_path/Frameworks @loader_path/Frameworks";
				PRODUCT_BUNDLE_IDENTIFIER = com.luizhcoelho.PrincipalStressTests;
				PRODUCT_NAME = "$(TARGET_NAME)";
				TEST_HOST = "$(BUILT_PRODUCTS_DIR)/PrincipalStress.app/PrincipalStress";
			};
			name = Debug;
		};
		23E5B7511CE07AAA00907291 /* Release */ = {
			isa = XCBuildConfiguration;
			buildSettings = {
				BUNDLE_LOADER = "$(TEST_HOST)";
				INFOPLIST_FILE = PrincipalStressTests/Info.plist;
				LD_RUNPATH_SEARCH_PATHS = "$(inherited) @executable_path/Frameworks @loader_path/Frameworks";
				PRODUCT_BUNDLE_IDENTIFIER = com.luizhcoelho.PrincipalStressTests;
				PRODUCT_NAME = "$(TARGET_NAME)";
				TEST_HOST = "$(BUILT_PRODUCTS_DIR)/PrincipalStress.app/PrincipalStress";
			};
			name = Release;
		};
/* End XCBuildConfiguration section */

/* Begin XCConfigurationList section */
		23E5B72A1CE07AA900907291 /* Build configuration list for PBXProject "PrincipalStress" */ = {
			isa = XCConfigurationList;
			buildConfigurations = (
				23E5B74A1CE07AAA00907291 /* Debug */,
				23E5B74B1CE07AAA00907291 /* Release */,
			);
			defaultConfigurationIsVisible = 0;
			defaultConfigurationName = Release;
		};
		23E5B74C1CE07AAA00907291 /* Build configuration list for PBXNativeTarget "PrincipalStress" */ = {
			isa = XCConfigurationList;
			buildConfigurations = (
				23E5B74D1CE07AAA00907291 /* Debug */,
				23E5B74E1CE07AAA00907291 /* Release */,
			);
			defaultConfigurationIsVisible = 0;
		};
		23E5B74F1CE07AAA00907291 /* Build configuration list for PBXNativeTarget "PrincipalStressTests" */ = {
			isa = XCConfigurationList;
			buildConfigurations = (
				23E5B7501CE07AAA00907291 /* Debug */,
				23E5B7511CE07AAA00907291 /* Release */,
			);
			defaultConfigurationIsVisible = 0;
		};
/* End XCConfigurationList section */
	};
	rootObject = 23E5B7271CE07AA900907291 /* Project object */;
}
